
Microsoft Visual Studio Solution File, Format Version 12.00
# Visual Studio Version 16
VisualStudioVersion = 16.0.30517.126
MinimumVisualStudioVersion = 10.0.40219.1
Project("{FAE04EC0-301F-11D3-BF4B-00C04F79EFBC}") = "ConsoleApp1", "ConsoleApp1\ConsoleApp1.csproj", "{12E43111-E0BF-4800-B18D-6A950DB02C7F}"
EndProject
Global
	GlobalSection(SolutionConfigurationPlatforms) = preSolution
		Debug|Any CPU = Debug|Any CPU
		Release|Any CPU = Release|Any CPU
	EndGlobalSection
	GlobalSection(ProjectConfigurationPlatforms) = postSolution
		{12E43111-E0BF-4800-B18D-6A950DB02C7F}.Debug|Any CPU.ActiveCfg = Debug|Any CPU
		{12E43111-E0BF-4800-B18D-6A950DB02C7F}.Debug|Any CPU.Build.0 = Debug|Any CPU
		{12E43111-E0BF-4800-B18D-6A950DB02C7F}.Release|Any CPU.ActiveCfg = Release|Any CPU
		{12E43111-E0BF-4800-B18D-6A950DB02C7F}.Release|Any CPU.Build.0 = Release|Any CPU
	EndGlobalSection
	GlobalSection(SolutionProperties) = preSolution
		HideSolutionNode = FALSE
	EndGlobalSection
	GlobalSection(ExtensibilityGlobals) = postSolution
		SolutionGuid = {765AAAEB-3747-4458-9981-4FF92F5DC0FE}
	EndGlobalSection
EndGlobal
